{
  "name": "photo_capture",
  "lockfileVersion": 3,
  "requires": true,
  "packages": {
    "": {
      "dependencies": {
        "gif.js": "^0.2.0"
      }
    },
    "node_modules/gif.js": {
      "version": "0.2.0",
      "resolved": "https://registry.npmjs.org/gif.js/-/gif.js-0.2.0.tgz",
      "integrity": "sha512-bYxCoT8OZKmbxY8RN4qDiYuj4nrQDTzgLRcFVovyona1PTWNePzI4nzOmotnlOFIzTk/ZxAHtv+TfVLiBWj/hw=="
    }
  }
}
